{
  "sources": {
    "ruby-install": {
      "locked_version": "0.1.0"
    },
    "nginx": {
      "locked_version": "2.4.2"
    },
    "puma": {
      "locked_version": "0.1.4"
    },
    "sudo": {
      "locked_version": "2.6.0"
    },
    "photo-album": {
      "path": "./site-cookbooks/photo-album"
    },
    "git": {
      "locked_version": "3.0.0"
    },
    "dmg": {
      "locked_version": "2.2.0"
    },
    "build-essential": {
      "locked_version": "1.4.4"
    },
    "windows": {
      "locked_version": "1.30.0"
    },
    "chef_handler": {
      "locked_version": "1.1.5"
    },
    "runit": {
      "locked_version": "1.5.10"
    },
    "yum": {
      "locked_version": "3.1.2"
    },
    "yum-epel": {
      "locked_version": "0.3.4"
    },
    "apt": {
      "locked_version": "2.3.8"
    },
    "bluepill": {
      "locked_version": "2.3.1"
    },
    "rsyslog": {
      "locked_version": "1.12.2"
    },
    "ohai": {
      "locked_version": "1.1.12"
    },
    "monit": {
      "locked_version": "0.7.1"
    },
    "logrotate": {
      "locked_version": "1.5.0"
    }
  }
}
