DEPENDENCIES
  apt
  database (~> 5.1.2)
  nginx
  photo-album
    path: site-cookbooks/photo-album
  postgresql
  puma
  redisio
  ruby-install
  ssh-keys
  sudo

GRAPH
  apt (7.1.1)
  build-essential (8.2.1)
    mingw (>= 1.1)
    seven_zip (>= 0.0.0)
  database (5.1.2)
    postgresql (>= 1.0.0)
  git (9.0.1)
    build-essential (>= 5.0.0)
  logrotate (2.2.0)
  mingw (2.1.0)
    seven_zip (>= 0.0.0)
  monit (1.0.0)
    poise (~> 2.0)
    poise-monit (~> 1.0)
  nginx (9.0.0)
    build-essential (>= 5.0)
    ohai (>= 4.1.0)
    yum-epel (>= 0.0.0)
  ohai (5.2.5)
  photo-album (0.1.0)
  poise (2.8.2)
  poise-archive (1.5.0)
    poise (~> 2.6)
  poise-languages (2.1.2)
    poise (~> 2.5)
    poise-archive (~> 1.0)
  poise-monit (1.6.0)
    poise (~> 2.6)
    poise-languages (~> 2.0)
    poise-service (~> 1.1)
  poise-service (1.5.2)
    poise (~> 2.0)
  postgresql (7.1.1)
  puma (0.1.7)
    logrotate (>= 0.0.0)
    monit (>= 0.0.0)
  redisio (3.0.0)
    build-essential (>= 5.0)
    selinux_policy (>= 0.0.0)
    ulimit (>= 0.1.2)
  ruby-install (0.2.0)
    git (>= 0.0.0)
  selinux_policy (2.3.2)
  seven_zip (3.1.0)
    windows (>= 0.0.0)
  ssh-keys (1.2.7)
  sudo (5.4.4)
  ulimit (1.0.0)
  windows (5.2.2)
  yum-epel (3.3.0)
